<?xml version="1.0" encoding="utf-8"?>
<Project ToolsVersion="4.0" xmlns="http://schemas.microsoft.com/developer/msbuild/2003">
  <ItemGroup>
    <ClInclude Include="Helpers.h" />
    <ClInclude Include="Pch.h" />
    <ClInclude Include="CRIWARE\Criware.h" />
    <ClInclude Include="ModLoader.h" />
    <ClInclude Include="Mod.h" />
    <ClInclude Include="Utilities.h" />
    <ClInclude Include="VirtualFileSystem.h" />
    <ClInclude Include="FileBinder.h" />
    <ClInclude Include="Game.h" />
    <ClInclude Include="CRIWARE\CriwareFileLoader.h" />
    <ClInclude Include="Game\BlueBlur\CriwareGenerations.h" />
    <ClInclude Include="CRIWARE\CpkDevice.h" />
    <ClInclude Include="CRIWARE\CpkRequestDevice.h" />
    <ClInclude Include="Dependencies\ini.hpp" />
    <ClInclude Include="CpkAdvancedConfig.h" />
    <ClInclude Include="CRIWARE\ModLoaderDevice.h" />
    <ClInclude Include="CRIWARE\Win32Device.h" />
    <ClInclude Include="Game\Sonic2013\GameVariables.h" />
    <ClInclude Include="Game\BlueBlur\GameVariables.h" />
    <ClInclude Include="Globals.h" />
    <ClInclude Include="StubFunctions.h" />
    <ClInclude Include="Game\Sonic2013\HostFileSystemSave.h" />
    <ClInclude Include="Game\BlueBlur\API\hhAllocator.h" />
    <ClInclude Include="Game\BlueBlur\API\hhList.h" />
    <ClInclude Include="Game\BlueBlur\API\hhSharedString.h" />
    <ClInclude Include="Game\BlueBlur\API\hhCowData.h" />
    <ClInclude Include="resource.h" />
  </ItemGroup>
  <ItemGroup>
    <ClCompile Include="Main.cpp" />
    <ClCompile Include="Pch.cpp" />
    <ClCompile Include="CRIWARE\Criware.cpp" />
    <ClCompile Include="ModLoader.cpp" />
    <ClCompile Include="Mod.cpp" />
    <ClCompile Include="Utilities.cpp" />
    <ClCompile Include="VirtualFileSystem.cpp" />
    <ClCompile Include="FileBinder.cpp" />
    <ClCompile Include="Game.cpp" />
    <ClCompile Include="CRIWARE\CriwareFileLoader.cpp" />
    <ClCompile Include="Game\BlueBlur\CriwareGenerations.cpp" />
    <ClCompile Include="CRIWARE\CpkDevice.cpp" />
    <ClCompile Include="CRIWARE\CpkRequestDevice.cpp" />
    <ClCompile Include="CpkAdvancedConfig.cpp" />
    <ClCompile Include="CRIWARE\Win32Device.cpp" />
    <ClCompile Include="CRIWARE\ModLoaderDevice.cpp" />
    <ClCompile Include="Game\Sonic2013\LWGameVariables.cpp" />
    <ClCompile Include="Game\BlueBlur\BBGameVariables.cpp" />
    <ClCompile Include="StubFunctions.cpp" />
    <ClCompile Include="D3D9Hooks.cpp" />
    <ClCompile Include="Game\BlueBlur\BBSaveHandler.cpp" />
    <ClCompile Include="Game\Sonic2013\LWSaveHandler.cpp" />
    <ClCompile Include="Game\Sonic2013\HostFileSystemSave.cpp" />
    <ClCompile Include="Game\BlueBlur\BBWorkHandler.cpp" />
  </ItemGroup>
  <ItemGroup>
    <Filter Include="Dependencies">
      <UniqueIdentifier>{f5697e5c-9474-4c63-a92d-e047fc6692f6}</UniqueIdentifier>
    </Filter>
    <Filter Include="Dependencies\Detours">
      <UniqueIdentifier>{85ba7ea6-f22a-4697-9548-62c26d3be628}</UniqueIdentifier>
    </Filter>
    <Filter Include="Dependencies\Detours\lib">
      <UniqueIdentifier>{09dbd0a7-6765-4610-9214-041ab869c477}</UniqueIdentifier>
    </Filter>
    <Filter Include="Dependencies\Detours\include">
      <UniqueIdentifier>{93708190-5906-4db7-b13b-dff27f636afb}</UniqueIdentifier>
    </Filter>
    <Filter Include="Dependencies\Detours\lib\x86">
      <UniqueIdentifier>{18983a62-1a77-4f06-b903-ba42ba572101}</UniqueIdentifier>
    </Filter>
    <Filter Include="Dependencies\Detours\lib\x64">
      <UniqueIdentifier>{737983fc-3a8e-4a50-b3bc-7bd1e5145ad5}</UniqueIdentifier>
    </Filter>
  </ItemGroup>
  <ItemGroup>
    <ResourceCompile Include="Resource.rc" />
  </ItemGroup>
</Project>